
Microsoft Visual Studio Solution File, Format Version 12.00
# Visual Studio Version 16
VisualStudioVersion = 16.0.31112.23
MinimumVisualStudioVersion = 10.0.40219.1
Project("{9A19103F-16F7-4668-BE54-9A1E7A4F7556}") = "TravellingSalesman", "TravellingSalesman\TravellingSalesman.csproj", "{5A106DA2-15D3-416A-A900-62B3816D4B08}"
EndProject
Project("{FAE04EC0-301F-11D3-BF4B-00C04F79EFBC}") = "TravellingSalesman.GeneticAlgorithm", "TravellingSalesman.GeneticAlgorithm\TravellingSalesman.GeneticAlgorithm.csproj", "{99B99C93-D239-460A-8848-35BF22D253EF}"
EndProject
Project("{FAE04EC0-301F-11D3-BF4B-00C04F79EFBC}") = "TravellingSalesman.ProblemAntAlgorithm", "TravellingSalesman.ProblemAntAlgorithm\TravellingSalesman.ProblemAntAlgorithm.csproj", "{F7F2CE2F-ADA1-4812-980B-9BEEE4320667}"
EndProject
Project("{FAE04EC0-301F-11D3-BF4B-00C04F79EFBC}") = "TravellingSalesman.Launcher", "TravellingSalesman.Launcher\TravellingSalesman.Launcher.csproj", "{B87D9478-0A88-4DCB-9319-0E3D4507E063}"
EndProject
Project("{9A19103F-16F7-4668-BE54-9A1E7A4F7556}") = "TravellingSalesman.BruteForceAlgorithm", "TravellingSalesman.BruteForceAlgorithm\TravellingSalesman.BruteForceAlgorithm.csproj", "{6054ADF0-3EA8-4F80-ADB1-911951403B75}"
EndProject
Global
	GlobalSection(SolutionConfigurationPlatforms) = preSolution
		Debug|Any CPU = Debug|Any CPU
		Release|Any CPU = Release|Any CPU
	EndGlobalSection
	GlobalSection(ProjectConfigurationPlatforms) = postSolution
		{5A106DA2-15D3-416A-A900-62B3816D4B08}.Debug|Any CPU.ActiveCfg = Debug|Any CPU
		{5A106DA2-15D3-416A-A900-62B3816D4B08}.Debug|Any CPU.Build.0 = Debug|Any CPU
		{5A106DA2-15D3-416A-A900-62B3816D4B08}.Release|Any CPU.ActiveCfg = Release|Any CPU
		{5A106DA2-15D3-416A-A900-62B3816D4B08}.Release|Any CPU.Build.0 = Release|Any CPU
		{99B99C93-D239-460A-8848-35BF22D253EF}.Debug|Any CPU.ActiveCfg = Debug|Any CPU
		{99B99C93-D239-460A-8848-35BF22D253EF}.Debug|Any CPU.Build.0 = Debug|Any CPU
		{99B99C93-D239-460A-8848-35BF22D253EF}.Release|Any CPU.ActiveCfg = Release|Any CPU
		{99B99C93-D239-460A-8848-35BF22D253EF}.Release|Any CPU.Build.0 = Release|Any CPU
		{F7F2CE2F-ADA1-4812-980B-9BEEE4320667}.Debug|Any CPU.ActiveCfg = Debug|Any CPU
		{F7F2CE2F-ADA1-4812-980B-9BEEE4320667}.Debug|Any CPU.Build.0 = Debug|Any CPU
		{F7F2CE2F-ADA1-4812-980B-9BEEE4320667}.Release|Any CPU.ActiveCfg = Release|Any CPU
		{F7F2CE2F-ADA1-4812-980B-9BEEE4320667}.Release|Any CPU.Build.0 = Release|Any CPU
		{B87D9478-0A88-4DCB-9319-0E3D4507E063}.Debug|Any CPU.ActiveCfg = Debug|Any CPU
		{B87D9478-0A88-4DCB-9319-0E3D4507E063}.Debug|Any CPU.Build.0 = Debug|Any CPU
		{B87D9478-0A88-4DCB-9319-0E3D4507E063}.Release|Any CPU.ActiveCfg = Release|Any CPU
		{B87D9478-0A88-4DCB-9319-0E3D4507E063}.Release|Any CPU.Build.0 = Release|Any CPU
		{6054ADF0-3EA8-4F80-ADB1-911951403B75}.Debug|Any CPU.ActiveCfg = Debug|Any CPU
		{6054ADF0-3EA8-4F80-ADB1-911951403B75}.Debug|Any CPU.Build.0 = Debug|Any CPU
		{6054ADF0-3EA8-4F80-ADB1-911951403B75}.Release|Any CPU.ActiveCfg = Release|Any CPU
		{6054ADF0-3EA8-4F80-ADB1-911951403B75}.Release|Any CPU.Build.0 = Release|Any CPU
	EndGlobalSection
	GlobalSection(SolutionProperties) = preSolution
		HideSolutionNode = FALSE
	EndGlobalSection
	GlobalSection(ExtensibilityGlobals) = postSolution
		SolutionGuid = {8DFABBDD-FAE9-4B5C-8BEF-CB62ED1ABC81}
	EndGlobalSection
EndGlobal
